
Microsoft Visual Studio Solution File, Format Version 12.00
# Visual Studio Version 17
VisualStudioVersion = 17.0.32112.339
MinimumVisualStudioVersion = 10.0.40219.1
Project("{FAE04EC0-301F-11D3-BF4B-00C04F79EFBC}") = "testar", "testar\testarBase.csproj", "{9FF006AF-A118-41FC-B2EC-3D1BE93DBD7D}"
EndProject
Global
	GlobalSection(SolutionConfigurationPlatforms) = preSolution
		Debug|Any CPU = Debug|Any CPU
		Release|Any CPU = Release|Any CPU
	EndGlobalSection
	GlobalSection(ProjectConfigurationPlatforms) = postSolution
		{9FF006AF-A118-41FC-B2EC-3D1BE93DBD7D}.Debug|Any CPU.ActiveCfg = Debug|Any CPU
		{9FF006AF-A118-41FC-B2EC-3D1BE93DBD7D}.Debug|Any CPU.Build.0 = Debug|Any CPU
		{9FF006AF-A118-41FC-B2EC-3D1BE93DBD7D}.Release|Any CPU.ActiveCfg = Release|Any CPU
		{9FF006AF-A118-41FC-B2EC-3D1BE93DBD7D}.Release|Any CPU.Build.0 = Release|Any CPU
	EndGlobalSection
	GlobalSection(SolutionProperties) = preSolution
		HideSolutionNode = FALSE
	EndGlobalSection
	GlobalSection(ExtensibilityGlobals) = postSolution
		SolutionGuid = {CEBF61DE-CB09-4D9F-805D-6FF9BEF44395}
	EndGlobalSection
EndGlobal
